
Microsoft Visual Studio Solution File, Format Version 12.00
# Visual Studio Version 17
VisualStudioVersion = 17.0.31903.59
MinimumVisualStudioVersion = 10.0.40219.1
Project("{2150E333-8FDC-42A3-9474-1A3956D46DE8}") = "src", "src", "{827E0CD3-B72D-47B6-A68D-7590B98EB39B}"
EndProject
Project("{FAE04EC0-301F-11D3-BF4B-00C04F79EFBC}") = "McpWorkshop.Shared", "src\McpWorkshop.Shared\McpWorkshop.Shared.csproj", "{AC24378F-4474-4EDD-A09E-6EFEDBB654B5}"
EndProject
Project("{2150E333-8FDC-42A3-9474-1A3956D46DE8}") = "tests", "tests", "{0AB3BF05-4346-4AA6-1389-037BE0695223}"
EndProject
Project("{FAE04EC0-301F-11D3-BF4B-00C04F79EFBC}") = "McpWorkshop.Tests", "tests\McpWorkshop.Tests\McpWorkshop.Tests.csproj", "{48CB6600-7405-45B5-BA40-C5DB81A6A336}"
EndProject
Project("{2150E333-8FDC-42A3-9474-1A3956D46DE8}") = "McpWorkshop.Servers", "McpWorkshop.Servers", "{C29E524E-FBD2-00F7-DC9E-D2B6F485DE60}"
EndProject
Project("{FAE04EC0-301F-11D3-BF4B-00C04F79EFBC}") = "Exercise4SqlMcpServer", "src\McpWorkshop.Servers\Exercise4SqlMcpServer\Exercise4SqlMcpServer.csproj", "{3F1EC225-526F-4113-8DF3-1BD7EA72AF06}"
EndProject
Project("{FAE04EC0-301F-11D3-BF4B-00C04F79EFBC}") = "Exercise4CosmosMcpServer", "src\McpWorkshop.Servers\Exercise4CosmosMcpServer\Exercise4CosmosMcpServer.csproj", "{B925C1CE-315C-4A78-891B-9E12DF1052C6}"
EndProject
Project("{FAE04EC0-301F-11D3-BF4B-00C04F79EFBC}") = "Exercise4RestApiMcpServer", "src\McpWorkshop.Servers\Exercise4RestApiMcpServer\Exercise4RestApiMcpServer.csproj", "{7980D095-B9B7-4B93-8222-0FE3A32D7024}"
EndProject
Global
	GlobalSection(SolutionConfigurationPlatforms) = preSolution
		Debug|Any CPU = Debug|Any CPU
		Debug|x64 = Debug|x64
		Debug|x86 = Debug|x86
		Release|Any CPU = Release|Any CPU
		Release|x64 = Release|x64
		Release|x86 = Release|x86
	EndGlobalSection
	GlobalSection(ProjectConfigurationPlatforms) = postSolution
		{AC24378F-4474-4EDD-A09E-6EFEDBB654B5}.Debug|Any CPU.ActiveCfg = Debug|Any CPU
		{AC24378F-4474-4EDD-A09E-6EFEDBB654B5}.Debug|Any CPU.Build.0 = Debug|Any CPU
		{AC24378F-4474-4EDD-A09E-6EFEDBB654B5}.Debug|x64.ActiveCfg = Debug|Any CPU
		{AC24378F-4474-4EDD-A09E-6EFEDBB654B5}.Debug|x64.Build.0 = Debug|Any CPU
		{AC24378F-4474-4EDD-A09E-6EFEDBB654B5}.Debug|x86.ActiveCfg = Debug|Any CPU
		{AC24378F-4474-4EDD-A09E-6EFEDBB654B5}.Debug|x86.Build.0 = Debug|Any CPU
		{AC24378F-4474-4EDD-A09E-6EFEDBB654B5}.Release|Any CPU.ActiveCfg = Release|Any CPU
		{AC24378F-4474-4EDD-A09E-6EFEDBB654B5}.Release|Any CPU.Build.0 = Release|Any CPU
		{AC24378F-4474-4EDD-A09E-6EFEDBB654B5}.Release|x64.ActiveCfg = Release|Any CPU
		{AC24378F-4474-4EDD-A09E-6EFEDBB654B5}.Release|x64.Build.0 = Release|Any CPU
		{AC24378F-4474-4EDD-A09E-6EFEDBB654B5}.Release|x86.ActiveCfg = Release|Any CPU
		{AC24378F-4474-4EDD-A09E-6EFEDBB654B5}.Release|x86.Build.0 = Release|Any CPU
		{48CB6600-7405-45B5-BA40-C5DB81A6A336}.Debug|Any CPU.ActiveCfg = Debug|Any CPU
		{48CB6600-7405-45B5-BA40-C5DB81A6A336}.Debug|Any CPU.Build.0 = Debug|Any CPU
		{48CB6600-7405-45B5-BA40-C5DB81A6A336}.Debug|x64.ActiveCfg = Debug|Any CPU
		{48CB6600-7405-45B5-BA40-C5DB81A6A336}.Debug|x64.Build.0 = Debug|Any CPU
		{48CB6600-7405-45B5-BA40-C5DB81A6A336}.Debug|x86.ActiveCfg = Debug|Any CPU
		{48CB6600-7405-45B5-BA40-C5DB81A6A336}.Debug|x86.Build.0 = Debug|Any CPU
		{48CB6600-7405-45B5-BA40-C5DB81A6A336}.Release|Any CPU.ActiveCfg = Release|Any CPU
		{48CB6600-7405-45B5-BA40-C5DB81A6A336}.Release|Any CPU.Build.0 = Release|Any CPU
		{48CB6600-7405-45B5-BA40-C5DB81A6A336}.Release|x64.ActiveCfg = Release|Any CPU
		{48CB6600-7405-45B5-BA40-C5DB81A6A336}.Release|x64.Build.0 = Release|Any CPU
		{48CB6600-7405-45B5-BA40-C5DB81A6A336}.Release|x86.ActiveCfg = Release|Any CPU
		{48CB6600-7405-45B5-BA40-C5DB81A6A336}.Release|x86.Build.0 = Release|Any CPU
		{3F1EC225-526F-4113-8DF3-1BD7EA72AF06}.Debug|Any CPU.ActiveCfg = Debug|Any CPU
		{3F1EC225-526F-4113-8DF3-1BD7EA72AF06}.Debug|Any CPU.Build.0 = Debug|Any CPU
		{3F1EC225-526F-4113-8DF3-1BD7EA72AF06}.Debug|x64.ActiveCfg = Debug|Any CPU
		{3F1EC225-526F-4113-8DF3-1BD7EA72AF06}.Debug|x64.Build.0 = Debug|Any CPU
		{3F1EC225-526F-4113-8DF3-1BD7EA72AF06}.Debug|x86.ActiveCfg = Debug|Any CPU
		{3F1EC225-526F-4113-8DF3-1BD7EA72AF06}.Debug|x86.Build.0 = Debug|Any CPU
		{3F1EC225-526F-4113-8DF3-1BD7EA72AF06}.Release|Any CPU.ActiveCfg = Release|Any CPU
		{3F1EC225-526F-4113-8DF3-1BD7EA72AF06}.Release|Any CPU.Build.0 = Release|Any CPU
		{3F1EC225-526F-4113-8DF3-1BD7EA72AF06}.Release|x64.ActiveCfg = Release|Any CPU
		{3F1EC225-526F-4113-8DF3-1BD7EA72AF06}.Release|x64.Build.0 = Release|Any CPU
		{3F1EC225-526F-4113-8DF3-1BD7EA72AF06}.Release|x86.ActiveCfg = Release|Any CPU
		{3F1EC225-526F-4113-8DF3-1BD7EA72AF06}.Release|x86.Build.0 = Release|Any CPU
		{B925C1CE-315C-4A78-891B-9E12DF1052C6}.Debug|Any CPU.ActiveCfg = Debug|Any CPU
		{B925C1CE-315C-4A78-891B-9E12DF1052C6}.Debug|Any CPU.Build.0 = Debug|Any CPU
		{B925C1CE-315C-4A78-891B-9E12DF1052C6}.Debug|x64.ActiveCfg = Debug|Any CPU
		{B925C1CE-315C-4A78-891B-9E12DF1052C6}.Debug|x64.Build.0 = Debug|Any CPU
		{B925C1CE-315C-4A78-891B-9E12DF1052C6}.Debug|x86.ActiveCfg = Debug|Any CPU
		{B925C1CE-315C-4A78-891B-9E12DF1052C6}.Debug|x86.Build.0 = Debug|Any CPU
		{B925C1CE-315C-4A78-891B-9E12DF1052C6}.Release|Any CPU.ActiveCfg = Release|Any CPU
		{B925C1CE-315C-4A78-891B-9E12DF1052C6}.Release|Any CPU.Build.0 = Release|Any CPU
		{B925C1CE-315C-4A78-891B-9E12DF1052C6}.Release|x64.ActiveCfg = Release|Any CPU
		{B925C1CE-315C-4A78-891B-9E12DF1052C6}.Release|x64.Build.0 = Release|Any CPU
		{B925C1CE-315C-4A78-891B-9E12DF1052C6}.Release|x86.ActiveCfg = Release|Any CPU
		{B925C1CE-315C-4A78-891B-9E12DF1052C6}.Release|x86.Build.0 = Release|Any CPU
		{7980D095-B9B7-4B93-8222-0FE3A32D7024}.Debug|Any CPU.ActiveCfg = Debug|Any CPU
		{7980D095-B9B7-4B93-8222-0FE3A32D7024}.Debug|Any CPU.Build.0 = Debug|Any CPU
		{7980D095-B9B7-4B93-8222-0FE3A32D7024}.Debug|x64.ActiveCfg = Debug|Any CPU
		{7980D095-B9B7-4B93-8222-0FE3A32D7024}.Debug|x64.Build.0 = Debug|Any CPU
		{7980D095-B9B7-4B93-8222-0FE3A32D7024}.Debug|x86.ActiveCfg = Debug|Any CPU
		{7980D095-B9B7-4B93-8222-0FE3A32D7024}.Debug|x86.Build.0 = Debug|Any CPU
		{7980D095-B9B7-4B93-8222-0FE3A32D7024}.Release|Any CPU.ActiveCfg = Release|Any CPU
		{7980D095-B9B7-4B93-8222-0FE3A32D7024}.Release|Any CPU.Build.0 = Release|Any CPU
		{7980D095-B9B7-4B93-8222-0FE3A32D7024}.Release|x64.ActiveCfg = Release|Any CPU
		{7980D095-B9B7-4B93-8222-0FE3A32D7024}.Release|x64.Build.0 = Release|Any CPU
		{7980D095-B9B7-4B93-8222-0FE3A32D7024}.Release|x86.ActiveCfg = Release|Any CPU
		{7980D095-B9B7-4B93-8222-0FE3A32D7024}.Release|x86.Build.0 = Release|Any CPU
	EndGlobalSection
	GlobalSection(SolutionProperties) = preSolution
		HideSolutionNode = FALSE
	EndGlobalSection
	GlobalSection(NestedProjects) = preSolution
		{AC24378F-4474-4EDD-A09E-6EFEDBB654B5} = {827E0CD3-B72D-47B6-A68D-7590B98EB39B}
		{48CB6600-7405-45B5-BA40-C5DB81A6A336} = {0AB3BF05-4346-4AA6-1389-037BE0695223}
		{C29E524E-FBD2-00F7-DC9E-D2B6F485DE60} = {827E0CD3-B72D-47B6-A68D-7590B98EB39B}
		{3F1EC225-526F-4113-8DF3-1BD7EA72AF06} = {C29E524E-FBD2-00F7-DC9E-D2B6F485DE60}
		{B925C1CE-315C-4A78-891B-9E12DF1052C6} = {C29E524E-FBD2-00F7-DC9E-D2B6F485DE60}
		{7980D095-B9B7-4B93-8222-0FE3A32D7024} = {C29E524E-FBD2-00F7-DC9E-D2B6F485DE60}
	EndGlobalSection
EndGlobal
